<?xml version="1.0" encoding="utf-8"?>
<Project ToolsVersion="4.0" xmlns="http://schemas.microsoft.com/developer/msbuild/2003">
  <ItemGroup>
    <Filter Include="src">
      <UniqueIdentifier>{0f93f45f-701f-40f7-8cd8-7483458c30c4}</UniqueIdentifier>
    </Filter>
    <Filter Include="res">
      <UniqueIdentifier>{fb91b4b5-d0c3-4841-a12c-d56d517cf8e4}</UniqueIdentifier>
    </Filter>
    <Filter Include="src\Core">
      <UniqueIdentifier>{78d59cc8-c895-45f5-a4a4-893c9ad9a904}</UniqueIdentifier>
    </Filter>
    <Filter Include="src\Utility">
      <UniqueIdentifier>{7a550309-fe6d-4c9b-a58e-f7e78f46a77c}</UniqueIdentifier>
    </Filter>
  </ItemGroup>
  <ItemGroup>
    <ClCompile Include="src\Main.cpp">
      <Filter>src</Filter>
    </ClCompile>
    <ClCompile Include="src\Core\Mesh.cpp">
      <Filter>src\Core</Filter>
    </ClCompile>
    <ClCompile Include="src\Core\Shader.cpp">
      <Filter>src\Core</Filter>
    </ClCompile>
    <ClCompile Include="src\Core\Texture2D.cpp">
      <Filter>src\Core</Filter>
    </ClCompile>
    <ClCompile Include="src\Core\Window.cpp">
      <Filter>src\Core</Filter>
    </ClCompile>
    <ClCompile Include="src\Core\Sprite.cpp" />
  </ItemGroup>
  <ItemGroup>
    <None Include="Docs.htm" />
  </ItemGroup>
  <ItemGroup>
    <ClInclude Include="src\Core\Mesh.h">
      <Filter>src\Core</Filter>
    </ClInclude>
    <ClInclude Include="src\Core\Shader.h">
      <Filter>src\Core</Filter>
    </ClInclude>
    <ClInclude Include="src\Core\Texture2D.h">
      <Filter>src\Core</Filter>
    </ClInclude>
    <ClInclude Include="src\Core\Window.h">
      <Filter>src\Core</Filter>
    </ClInclude>
    <ClInclude Include="src\Core\Config.h">
      <Filter>src\Core</Filter>
    </ClInclude>
    <ClInclude Include="src\Utility\FileType.h">
      <Filter>src\Utility</Filter>
    </ClInclude>
    <ClInclude Include="src\Core\Sprite.h" />
    <ClInclude Include="src\Core\Renderer.h" />
  </ItemGroup>
</Project>