
Microsoft Visual Studio Solution File, Format Version 12.00
# Visual Studio Version 17
Project("{8BC9CEB8-8B4A-11D0-8D11-00A0C91BC942}") = "Game", "Game\Game.vcxproj", "{7FA9857C-6BE0-860D-14CD-6C1000E3020F}"
EndProject
Project("{8BC9CEB8-8B4A-11D0-8D11-00A0C91BC942}") = "Koza-Engine", "Engine\Koza-Engine.vcxproj", "{FDC358F7-6979-D1EC-F26D-CBC35E22C8F0}"
EndProject
Global
	GlobalSection(SolutionConfigurationPlatforms) = preSolution
		Debug|Win64 = Debug|Win64
		Dist|Win64 = Dist|Win64
		Release|Win64 = Release|Win64
	EndGlobalSection
	GlobalSection(ProjectConfigurationPlatforms) = postSolution
		{7FA9857C-6BE0-860D-14CD-6C1000E3020F}.Debug|Win64.ActiveCfg = Debug Win64|x64
		{7FA9857C-6BE0-860D-14CD-6C1000E3020F}.Debug|Win64.Build.0 = Debug Win64|x64
		{7FA9857C-6BE0-860D-14CD-6C1000E3020F}.Dist|Win64.ActiveCfg = Dist Win64|x64
		{7FA9857C-6BE0-860D-14CD-6C1000E3020F}.Dist|Win64.Build.0 = Dist Win64|x64
		{7FA9857C-6BE0-860D-14CD-6C1000E3020F}.Release|Win64.ActiveCfg = Release Win64|x64
		{7FA9857C-6BE0-860D-14CD-6C1000E3020F}.Release|Win64.Build.0 = Release Win64|x64
		{FDC358F7-6979-D1EC-F26D-CBC35E22C8F0}.Debug|Win64.ActiveCfg = Debug Win64|x64
		{FDC358F7-6979-D1EC-F26D-CBC35E22C8F0}.Debug|Win64.Build.0 = Debug Win64|x64
		{FDC358F7-6979-D1EC-F26D-CBC35E22C8F0}.Dist|Win64.ActiveCfg = Dist Win64|x64
		{FDC358F7-6979-D1EC-F26D-CBC35E22C8F0}.Dist|Win64.Build.0 = Dist Win64|x64
		{FDC358F7-6979-D1EC-F26D-CBC35E22C8F0}.Release|Win64.ActiveCfg = Release Win64|x64
		{FDC358F7-6979-D1EC-F26D-CBC35E22C8F0}.Release|Win64.Build.0 = Release Win64|x64
	EndGlobalSection
	GlobalSection(SolutionProperties) = preSolution
		HideSolutionNode = FALSE
	EndGlobalSection
EndGlobal
